
Microsoft Visual Studio Solution File, Format Version 12.00
# Visual Studio Version 17
VisualStudioVersion = 17.0.31919.166
MinimumVisualStudioVersion = 10.0.40219.1
Project("{2150E333-8FDC-42A3-9474-1A3956D46DE8}") = "src", "src", "{5503F46D-8C0C-402F-8D13-082C78851673}"
EndProject
Project("{2150E333-8FDC-42A3-9474-1A3956D46DE8}") = "Building Blocks", "Building Blocks", "{AB1FF74E-A20D-4164-9C2C-D6B2ACF2C5EF}"
EndProject
Project("{2150E333-8FDC-42A3-9474-1A3956D46DE8}") = "Services", "Services", "{8C0BB30D-E6F4-4D58-9892-990BA3AB7BDB}"
EndProject
Project("{2150E333-8FDC-42A3-9474-1A3956D46DE8}") = "Web", "Web", "{F2642BEC-35B9-4207-82E6-14C786317469}"
EndProject
Project("{2150E333-8FDC-42A3-9474-1A3956D46DE8}") = "MVC", "MVC", "{F227B4FD-0D11-43B9-91B9-433C4C585156}"
EndProject
Project("{9A19103F-16F7-4668-BE54-9A1E7A4F7556}") = "TL.WebApp.MVC", "src\web\TL.WebApp.MVC\TL.WebApp.MVC.csproj", "{10C01457-7A75-4386-80E4-76E8696FC928}"
EndProject
Project("{2150E333-8FDC-42A3-9474-1A3956D46DE8}") = "Core", "Core", "{082BEA7F-1A01-48EE-BC8C-DECCFA9F7E5D}"
EndProject
Project("{9A19103F-16F7-4668-BE54-9A1E7A4F7556}") = "TL.Core", "src\building blocks\TL.Core\TL.Core.csproj", "{973E55F6-E4F4-441E-84CB-D89FC799572B}"
EndProject
Project("{2150E333-8FDC-42A3-9474-1A3956D46DE8}") = "Catalog", "Catalog", "{523C0C7C-B44E-414D-8D21-F60B00490DFF}"
EndProject
Project("{2150E333-8FDC-42A3-9474-1A3956D46DE8}") = "Client", "Client", "{AB7CFA75-2927-4268-8708-73DEBB5DF044}"
EndProject
Project("{2150E333-8FDC-42A3-9474-1A3956D46DE8}") = "Identity", "Identity", "{9F3720DF-D629-4F64-A917-4D57ACA7A449}"
EndProject
Project("{FAE04EC0-301F-11D3-BF4B-00C04F79EFBC}") = "TL.Identity.API", "src\services\TL.Identity.API\TL.Identity.API.csproj", "{9D64DF9B-2924-4313-86C9-6E12E1A97703}"
EndProject
Project("{FAE04EC0-301F-11D3-BF4B-00C04F79EFBC}") = "TL.Client.API", "src\services\TL.Client.API\TL.Client.API.csproj", "{06EF031F-2BFC-4041-A80C-28558D08C06A}"
EndProject
Project("{FAE04EC0-301F-11D3-BF4B-00C04F79EFBC}") = "TL.Catalog.API", "src\services\TL.Catalog.API\TL.Catalog.API.csproj", "{85FA6EC2-57CD-4404-AD95-B43894BB44E7}"
EndProject
Global
	GlobalSection(SolutionConfigurationPlatforms) = preSolution
		Debug|Any CPU = Debug|Any CPU
		Release|Any CPU = Release|Any CPU
	EndGlobalSection
	GlobalSection(ProjectConfigurationPlatforms) = postSolution
		{10C01457-7A75-4386-80E4-76E8696FC928}.Debug|Any CPU.ActiveCfg = Debug|Any CPU
		{10C01457-7A75-4386-80E4-76E8696FC928}.Debug|Any CPU.Build.0 = Debug|Any CPU
		{10C01457-7A75-4386-80E4-76E8696FC928}.Release|Any CPU.ActiveCfg = Release|Any CPU
		{10C01457-7A75-4386-80E4-76E8696FC928}.Release|Any CPU.Build.0 = Release|Any CPU
		{973E55F6-E4F4-441E-84CB-D89FC799572B}.Debug|Any CPU.ActiveCfg = Debug|Any CPU
		{973E55F6-E4F4-441E-84CB-D89FC799572B}.Debug|Any CPU.Build.0 = Debug|Any CPU
		{973E55F6-E4F4-441E-84CB-D89FC799572B}.Release|Any CPU.ActiveCfg = Release|Any CPU
		{973E55F6-E4F4-441E-84CB-D89FC799572B}.Release|Any CPU.Build.0 = Release|Any CPU
		{9D64DF9B-2924-4313-86C9-6E12E1A97703}.Debug|Any CPU.ActiveCfg = Debug|Any CPU
		{9D64DF9B-2924-4313-86C9-6E12E1A97703}.Debug|Any CPU.Build.0 = Debug|Any CPU
		{9D64DF9B-2924-4313-86C9-6E12E1A97703}.Release|Any CPU.ActiveCfg = Release|Any CPU
		{9D64DF9B-2924-4313-86C9-6E12E1A97703}.Release|Any CPU.Build.0 = Release|Any CPU
		{06EF031F-2BFC-4041-A80C-28558D08C06A}.Debug|Any CPU.ActiveCfg = Debug|Any CPU
		{06EF031F-2BFC-4041-A80C-28558D08C06A}.Debug|Any CPU.Build.0 = Debug|Any CPU
		{06EF031F-2BFC-4041-A80C-28558D08C06A}.Release|Any CPU.ActiveCfg = Release|Any CPU
		{06EF031F-2BFC-4041-A80C-28558D08C06A}.Release|Any CPU.Build.0 = Release|Any CPU
		{85FA6EC2-57CD-4404-AD95-B43894BB44E7}.Debug|Any CPU.ActiveCfg = Debug|Any CPU
		{85FA6EC2-57CD-4404-AD95-B43894BB44E7}.Debug|Any CPU.Build.0 = Debug|Any CPU
		{85FA6EC2-57CD-4404-AD95-B43894BB44E7}.Release|Any CPU.ActiveCfg = Release|Any CPU
		{85FA6EC2-57CD-4404-AD95-B43894BB44E7}.Release|Any CPU.Build.0 = Release|Any CPU
	EndGlobalSection
	GlobalSection(SolutionProperties) = preSolution
		HideSolutionNode = FALSE
	EndGlobalSection
	GlobalSection(NestedProjects) = preSolution
		{AB1FF74E-A20D-4164-9C2C-D6B2ACF2C5EF} = {5503F46D-8C0C-402F-8D13-082C78851673}
		{8C0BB30D-E6F4-4D58-9892-990BA3AB7BDB} = {5503F46D-8C0C-402F-8D13-082C78851673}
		{F2642BEC-35B9-4207-82E6-14C786317469} = {5503F46D-8C0C-402F-8D13-082C78851673}
		{F227B4FD-0D11-43B9-91B9-433C4C585156} = {F2642BEC-35B9-4207-82E6-14C786317469}
		{10C01457-7A75-4386-80E4-76E8696FC928} = {F227B4FD-0D11-43B9-91B9-433C4C585156}
		{082BEA7F-1A01-48EE-BC8C-DECCFA9F7E5D} = {AB1FF74E-A20D-4164-9C2C-D6B2ACF2C5EF}
		{973E55F6-E4F4-441E-84CB-D89FC799572B} = {082BEA7F-1A01-48EE-BC8C-DECCFA9F7E5D}
		{523C0C7C-B44E-414D-8D21-F60B00490DFF} = {8C0BB30D-E6F4-4D58-9892-990BA3AB7BDB}
		{AB7CFA75-2927-4268-8708-73DEBB5DF044} = {8C0BB30D-E6F4-4D58-9892-990BA3AB7BDB}
		{9F3720DF-D629-4F64-A917-4D57ACA7A449} = {8C0BB30D-E6F4-4D58-9892-990BA3AB7BDB}
		{9D64DF9B-2924-4313-86C9-6E12E1A97703} = {9F3720DF-D629-4F64-A917-4D57ACA7A449}
		{06EF031F-2BFC-4041-A80C-28558D08C06A} = {AB7CFA75-2927-4268-8708-73DEBB5DF044}
		{85FA6EC2-57CD-4404-AD95-B43894BB44E7} = {523C0C7C-B44E-414D-8D21-F60B00490DFF}
	EndGlobalSection
	GlobalSection(ExtensibilityGlobals) = postSolution
		SolutionGuid = {F6365162-FD48-4580-9C9D-8195BB3ABFFC}
	EndGlobalSection
EndGlobal
