
Microsoft Visual Studio Solution File, Format Version 12.00
# Visual Studio Version 17
VisualStudioVersion = 17.0.31919.166
MinimumVisualStudioVersion = 10.0.40219.1
Project("{2150E333-8FDC-42A3-9474-1A3956D46DE8}") = "src", "src", "{5503F46D-8C0C-402F-8D13-082C78851673}"
EndProject
Project("{2150E333-8FDC-42A3-9474-1A3956D46DE8}") = "Services", "Services", "{8C0BB30D-E6F4-4D58-9892-990BA3AB7BDB}"
EndProject
Project("{2150E333-8FDC-42A3-9474-1A3956D46DE8}") = "Catalog", "Catalog", "{523C0C7C-B44E-414D-8D21-F60B00490DFF}"
EndProject
Project("{2150E333-8FDC-42A3-9474-1A3956D46DE8}") = "Client", "Client", "{AB7CFA75-2927-4268-8708-73DEBB5DF044}"
EndProject
Project("{2150E333-8FDC-42A3-9474-1A3956D46DE8}") = "Identity", "Identity", "{9F3720DF-D629-4F64-A917-4D57ACA7A449}"
EndProject
Project("{9A19103F-16F7-4668-BE54-9A1E7A4F7556}") = "TL.Identity.API", "src\services\TL.Identity.API\TL.Identity.API.csproj", "{9D64DF9B-2924-4313-86C9-6E12E1A97703}"
EndProject
Project("{9A19103F-16F7-4668-BE54-9A1E7A4F7556}") = "TL.Client.API", "src\services\TL.Client.API\TL.Client.API.csproj", "{06EF031F-2BFC-4041-A80C-28558D08C06A}"
EndProject
Project("{2150E333-8FDC-42A3-9474-1A3956D46DE8}") = "Application", "Application", "{2C65B112-BFC9-4732-A7D1-C19BD2C1DACC}"
EndProject
Project("{2150E333-8FDC-42A3-9474-1A3956D46DE8}") = "Domain", "Domain", "{FD7F3D9E-769D-4F52-96BE-716085CD3A7C}"
EndProject
Project("{2150E333-8FDC-42A3-9474-1A3956D46DE8}") = "Infrastructure", "Infrastructure", "{B76DC5B0-C11A-415B-A2DC-C957E6B48188}"
EndProject
Project("{2150E333-8FDC-42A3-9474-1A3956D46DE8}") = "CrossCutting", "CrossCutting", "{9C0B14B9-7533-4D98-A7D4-7D19A5D1D90B}"
EndProject
Project("{9A19103F-16F7-4668-BE54-9A1E7A4F7556}") = "TL.Catalog.Domain", "src\services\Catalog\TL.Catalog.Domain\TL.Catalog.Domain.csproj", "{AEBABD65-DB20-47D5-A5F9-C29724E73CF6}"
EndProject
Project("{9A19103F-16F7-4668-BE54-9A1E7A4F7556}") = "TL.Catalog.Infrastructure", "src\services\Catalog\TL.Catalog.Infraestructure\TL.Catalog.Infrastructure.csproj", "{105D80BD-65AE-4A43-98DF-18227EBCA90B}"
EndProject
Project("{9A19103F-16F7-4668-BE54-9A1E7A4F7556}") = "TL.Catalog.CrossCutting", "src\services\Catalog\TL.Catalog.CrossCutting\TL.Catalog.CrossCutting\TL.Catalog.CrossCutting.csproj", "{A343EA80-2FCC-41FE-A80A-AA29FDB800C0}"
EndProject
Project("{9A19103F-16F7-4668-BE54-9A1E7A4F7556}") = "TL.Catalog.Application", "src\services\Catalog\TL.Catalog.Application\TL.Catalog.Application.csproj", "{9789ACFA-65B2-462D-AA9D-8841430C256F}"
EndProject
Project("{9A19103F-16F7-4668-BE54-9A1E7A4F7556}") = "TL.Catalog.API", "src\services\Catalog\TL.Catalog.API\TL.Catalog.API.csproj", "{45ED4F88-04F1-4F89-A340-3509EE4F1340}"
EndProject
Project("{2150E333-8FDC-42A3-9474-1A3956D46DE8}") = "tests", "tests", "{2592A438-35D5-4B02-8BE5-92283836157A}"
EndProject
Project("{2150E333-8FDC-42A3-9474-1A3956D46DE8}") = "Application.UnitTests", "Application.UnitTests", "{B087153C-2062-4554-8136-25B6E89426C6}"
EndProject
Project("{2150E333-8FDC-42A3-9474-1A3956D46DE8}") = "Application.IntegrationTests", "Application.IntegrationTests", "{F50A7E51-5469-4567-BB91-4D3C5683E53C}"
EndProject
Project("{2150E333-8FDC-42A3-9474-1A3956D46DE8}") = "WebUI.AcceptanceTests", "WebUI.AcceptanceTests", "{A79BB54C-2AE7-40DF-A4DF-F10B36AA6C44}"
EndProject
Project("{2150E333-8FDC-42A3-9474-1A3956D46DE8}") = "Domain.UnitTests", "Domain.UnitTests", "{7FDA9DC1-D1F4-48A9-8500-1DEC8BFF6FE7}"
EndProject
Project("{9A19103F-16F7-4668-BE54-9A1E7A4F7556}") = "Domain.UnitTests", "tests\Domain.UnitTests\Domain.UnitTests.csproj", "{CBADFDFD-0016-432F-8859-BB6EEC881BAE}"
EndProject
Project("{9A19103F-16F7-4668-BE54-9A1E7A4F7556}") = "WebUI.AcceptanceTests", "tests\WebUI.AcceptanceTests\WebUI.AcceptanceTests.csproj", "{6B61BEF7-3786-48F9-A75F-E50D7B76E352}"
EndProject
Project("{9A19103F-16F7-4668-BE54-9A1E7A4F7556}") = "Application.UnitTests", "tests\Application.UnitTests\Application.UnitTests.csproj", "{1E03854A-7FB7-40B3-89FF-DD4FB2DF8ECA}"
EndProject
Project("{9A19103F-16F7-4668-BE54-9A1E7A4F7556}") = "Application.IntegrationTests", "tests\Application.IntegrationTests\Application.IntegrationTests.csproj", "{04794E32-0391-45B6-9555-E8F287B570D7}"
EndProject
Project("{2150E333-8FDC-42A3-9474-1A3956D46DE8}") = "WebUI", "WebUI", "{C564F942-E137-4B50-915C-F2AEBA890D58}"
EndProject
Project("{9A19103F-16F7-4668-BE54-9A1E7A4F7556}") = "WebUI", "src\WebUI\WebUI.csproj", "{E3708332-8B98-458D-BF68-09970906B849}"
EndProject
Project("{2150E333-8FDC-42A3-9474-1A3956D46DE8}") = "Infrastructure", "Infrastructure", "{87B0BA98-6292-4176-A476-482ECDA14A03}"
EndProject
Project("{FAE04EC0-301F-11D3-BF4B-00C04F79EFBC}") = "Infrastructure", "src\Infrastructure\Infrastructure.csproj", "{78E65D12-6F94-4A37-9EE6-72AEFBF464DF}"
EndProject
Project("{2150E333-8FDC-42A3-9474-1A3956D46DE8}") = "Domain", "Domain", "{561EBE84-FB73-43B2-B98E-76626CB0EF7D}"
EndProject
Project("{FAE04EC0-301F-11D3-BF4B-00C04F79EFBC}") = "Domain", "src\Domain\Domain.csproj", "{EB737E4F-4A5C-4286-B367-12C292AC3595}"
EndProject
Project("{2150E333-8FDC-42A3-9474-1A3956D46DE8}") = "Application", "Application", "{A5934906-26F2-4754-93AD-3CB0D0414486}"
EndProject
Project("{FAE04EC0-301F-11D3-BF4B-00C04F79EFBC}") = "Application", "src\Application\Application.csproj", "{C26BEB70-1327-4CD2-950B-1612C9E5B19D}"
EndProject
Global
	GlobalSection(SolutionConfigurationPlatforms) = preSolution
		Debug|Any CPU = Debug|Any CPU
		Release|Any CPU = Release|Any CPU
	EndGlobalSection
	GlobalSection(ProjectConfigurationPlatforms) = postSolution
		{9D64DF9B-2924-4313-86C9-6E12E1A97703}.Debug|Any CPU.ActiveCfg = Debug|Any CPU
		{9D64DF9B-2924-4313-86C9-6E12E1A97703}.Debug|Any CPU.Build.0 = Debug|Any CPU
		{9D64DF9B-2924-4313-86C9-6E12E1A97703}.Release|Any CPU.ActiveCfg = Release|Any CPU
		{9D64DF9B-2924-4313-86C9-6E12E1A97703}.Release|Any CPU.Build.0 = Release|Any CPU
		{06EF031F-2BFC-4041-A80C-28558D08C06A}.Debug|Any CPU.ActiveCfg = Debug|Any CPU
		{06EF031F-2BFC-4041-A80C-28558D08C06A}.Debug|Any CPU.Build.0 = Debug|Any CPU
		{06EF031F-2BFC-4041-A80C-28558D08C06A}.Release|Any CPU.ActiveCfg = Release|Any CPU
		{06EF031F-2BFC-4041-A80C-28558D08C06A}.Release|Any CPU.Build.0 = Release|Any CPU
		{AEBABD65-DB20-47D5-A5F9-C29724E73CF6}.Debug|Any CPU.ActiveCfg = Debug|Any CPU
		{AEBABD65-DB20-47D5-A5F9-C29724E73CF6}.Debug|Any CPU.Build.0 = Debug|Any CPU
		{AEBABD65-DB20-47D5-A5F9-C29724E73CF6}.Release|Any CPU.ActiveCfg = Release|Any CPU
		{AEBABD65-DB20-47D5-A5F9-C29724E73CF6}.Release|Any CPU.Build.0 = Release|Any CPU
		{105D80BD-65AE-4A43-98DF-18227EBCA90B}.Debug|Any CPU.ActiveCfg = Debug|Any CPU
		{105D80BD-65AE-4A43-98DF-18227EBCA90B}.Debug|Any CPU.Build.0 = Debug|Any CPU
		{105D80BD-65AE-4A43-98DF-18227EBCA90B}.Release|Any CPU.ActiveCfg = Release|Any CPU
		{105D80BD-65AE-4A43-98DF-18227EBCA90B}.Release|Any CPU.Build.0 = Release|Any CPU
		{A343EA80-2FCC-41FE-A80A-AA29FDB800C0}.Debug|Any CPU.ActiveCfg = Debug|Any CPU
		{A343EA80-2FCC-41FE-A80A-AA29FDB800C0}.Debug|Any CPU.Build.0 = Debug|Any CPU
		{A343EA80-2FCC-41FE-A80A-AA29FDB800C0}.Release|Any CPU.ActiveCfg = Release|Any CPU
		{A343EA80-2FCC-41FE-A80A-AA29FDB800C0}.Release|Any CPU.Build.0 = Release|Any CPU
		{9789ACFA-65B2-462D-AA9D-8841430C256F}.Debug|Any CPU.ActiveCfg = Debug|Any CPU
		{9789ACFA-65B2-462D-AA9D-8841430C256F}.Debug|Any CPU.Build.0 = Debug|Any CPU
		{9789ACFA-65B2-462D-AA9D-8841430C256F}.Release|Any CPU.ActiveCfg = Release|Any CPU
		{9789ACFA-65B2-462D-AA9D-8841430C256F}.Release|Any CPU.Build.0 = Release|Any CPU
		{45ED4F88-04F1-4F89-A340-3509EE4F1340}.Debug|Any CPU.ActiveCfg = Debug|Any CPU
		{45ED4F88-04F1-4F89-A340-3509EE4F1340}.Debug|Any CPU.Build.0 = Debug|Any CPU
		{45ED4F88-04F1-4F89-A340-3509EE4F1340}.Release|Any CPU.ActiveCfg = Release|Any CPU
		{45ED4F88-04F1-4F89-A340-3509EE4F1340}.Release|Any CPU.Build.0 = Release|Any CPU
		{CBADFDFD-0016-432F-8859-BB6EEC881BAE}.Debug|Any CPU.ActiveCfg = Debug|Any CPU
		{CBADFDFD-0016-432F-8859-BB6EEC881BAE}.Debug|Any CPU.Build.0 = Debug|Any CPU
		{CBADFDFD-0016-432F-8859-BB6EEC881BAE}.Release|Any CPU.ActiveCfg = Release|Any CPU
		{CBADFDFD-0016-432F-8859-BB6EEC881BAE}.Release|Any CPU.Build.0 = Release|Any CPU
		{6B61BEF7-3786-48F9-A75F-E50D7B76E352}.Debug|Any CPU.ActiveCfg = Debug|Any CPU
		{6B61BEF7-3786-48F9-A75F-E50D7B76E352}.Debug|Any CPU.Build.0 = Debug|Any CPU
		{6B61BEF7-3786-48F9-A75F-E50D7B76E352}.Release|Any CPU.ActiveCfg = Release|Any CPU
		{6B61BEF7-3786-48F9-A75F-E50D7B76E352}.Release|Any CPU.Build.0 = Release|Any CPU
		{1E03854A-7FB7-40B3-89FF-DD4FB2DF8ECA}.Debug|Any CPU.ActiveCfg = Debug|Any CPU
		{1E03854A-7FB7-40B3-89FF-DD4FB2DF8ECA}.Debug|Any CPU.Build.0 = Debug|Any CPU
		{1E03854A-7FB7-40B3-89FF-DD4FB2DF8ECA}.Release|Any CPU.ActiveCfg = Release|Any CPU
		{1E03854A-7FB7-40B3-89FF-DD4FB2DF8ECA}.Release|Any CPU.Build.0 = Release|Any CPU
		{04794E32-0391-45B6-9555-E8F287B570D7}.Debug|Any CPU.ActiveCfg = Debug|Any CPU
		{04794E32-0391-45B6-9555-E8F287B570D7}.Debug|Any CPU.Build.0 = Debug|Any CPU
		{04794E32-0391-45B6-9555-E8F287B570D7}.Release|Any CPU.ActiveCfg = Release|Any CPU
		{04794E32-0391-45B6-9555-E8F287B570D7}.Release|Any CPU.Build.0 = Release|Any CPU
		{E3708332-8B98-458D-BF68-09970906B849}.Debug|Any CPU.ActiveCfg = Debug|Any CPU
		{E3708332-8B98-458D-BF68-09970906B849}.Debug|Any CPU.Build.0 = Debug|Any CPU
		{E3708332-8B98-458D-BF68-09970906B849}.Release|Any CPU.ActiveCfg = Release|Any CPU
		{E3708332-8B98-458D-BF68-09970906B849}.Release|Any CPU.Build.0 = Release|Any CPU
		{78E65D12-6F94-4A37-9EE6-72AEFBF464DF}.Debug|Any CPU.ActiveCfg = Debug|Any CPU
		{78E65D12-6F94-4A37-9EE6-72AEFBF464DF}.Debug|Any CPU.Build.0 = Debug|Any CPU
		{78E65D12-6F94-4A37-9EE6-72AEFBF464DF}.Release|Any CPU.ActiveCfg = Release|Any CPU
		{78E65D12-6F94-4A37-9EE6-72AEFBF464DF}.Release|Any CPU.Build.0 = Release|Any CPU
		{EB737E4F-4A5C-4286-B367-12C292AC3595}.Debug|Any CPU.ActiveCfg = Debug|Any CPU
		{EB737E4F-4A5C-4286-B367-12C292AC3595}.Debug|Any CPU.Build.0 = Debug|Any CPU
		{EB737E4F-4A5C-4286-B367-12C292AC3595}.Release|Any CPU.ActiveCfg = Release|Any CPU
		{EB737E4F-4A5C-4286-B367-12C292AC3595}.Release|Any CPU.Build.0 = Release|Any CPU
		{C26BEB70-1327-4CD2-950B-1612C9E5B19D}.Debug|Any CPU.ActiveCfg = Debug|Any CPU
		{C26BEB70-1327-4CD2-950B-1612C9E5B19D}.Debug|Any CPU.Build.0 = Debug|Any CPU
		{C26BEB70-1327-4CD2-950B-1612C9E5B19D}.Release|Any CPU.ActiveCfg = Release|Any CPU
		{C26BEB70-1327-4CD2-950B-1612C9E5B19D}.Release|Any CPU.Build.0 = Release|Any CPU
	EndGlobalSection
	GlobalSection(SolutionProperties) = preSolution
		HideSolutionNode = FALSE
	EndGlobalSection
	GlobalSection(NestedProjects) = preSolution
		{8C0BB30D-E6F4-4D58-9892-990BA3AB7BDB} = {5503F46D-8C0C-402F-8D13-082C78851673}
		{523C0C7C-B44E-414D-8D21-F60B00490DFF} = {8C0BB30D-E6F4-4D58-9892-990BA3AB7BDB}
		{AB7CFA75-2927-4268-8708-73DEBB5DF044} = {8C0BB30D-E6F4-4D58-9892-990BA3AB7BDB}
		{9F3720DF-D629-4F64-A917-4D57ACA7A449} = {8C0BB30D-E6F4-4D58-9892-990BA3AB7BDB}
		{9D64DF9B-2924-4313-86C9-6E12E1A97703} = {9F3720DF-D629-4F64-A917-4D57ACA7A449}
		{06EF031F-2BFC-4041-A80C-28558D08C06A} = {AB7CFA75-2927-4268-8708-73DEBB5DF044}
		{2C65B112-BFC9-4732-A7D1-C19BD2C1DACC} = {523C0C7C-B44E-414D-8D21-F60B00490DFF}
		{FD7F3D9E-769D-4F52-96BE-716085CD3A7C} = {523C0C7C-B44E-414D-8D21-F60B00490DFF}
		{B76DC5B0-C11A-415B-A2DC-C957E6B48188} = {523C0C7C-B44E-414D-8D21-F60B00490DFF}
		{9C0B14B9-7533-4D98-A7D4-7D19A5D1D90B} = {523C0C7C-B44E-414D-8D21-F60B00490DFF}
		{AEBABD65-DB20-47D5-A5F9-C29724E73CF6} = {FD7F3D9E-769D-4F52-96BE-716085CD3A7C}
		{105D80BD-65AE-4A43-98DF-18227EBCA90B} = {B76DC5B0-C11A-415B-A2DC-C957E6B48188}
		{A343EA80-2FCC-41FE-A80A-AA29FDB800C0} = {9C0B14B9-7533-4D98-A7D4-7D19A5D1D90B}
		{9789ACFA-65B2-462D-AA9D-8841430C256F} = {2C65B112-BFC9-4732-A7D1-C19BD2C1DACC}
		{45ED4F88-04F1-4F89-A340-3509EE4F1340} = {523C0C7C-B44E-414D-8D21-F60B00490DFF}
		{B087153C-2062-4554-8136-25B6E89426C6} = {2592A438-35D5-4B02-8BE5-92283836157A}
		{F50A7E51-5469-4567-BB91-4D3C5683E53C} = {2592A438-35D5-4B02-8BE5-92283836157A}
		{A79BB54C-2AE7-40DF-A4DF-F10B36AA6C44} = {2592A438-35D5-4B02-8BE5-92283836157A}
		{7FDA9DC1-D1F4-48A9-8500-1DEC8BFF6FE7} = {2592A438-35D5-4B02-8BE5-92283836157A}
		{CBADFDFD-0016-432F-8859-BB6EEC881BAE} = {7FDA9DC1-D1F4-48A9-8500-1DEC8BFF6FE7}
		{6B61BEF7-3786-48F9-A75F-E50D7B76E352} = {A79BB54C-2AE7-40DF-A4DF-F10B36AA6C44}
		{1E03854A-7FB7-40B3-89FF-DD4FB2DF8ECA} = {B087153C-2062-4554-8136-25B6E89426C6}
		{04794E32-0391-45B6-9555-E8F287B570D7} = {F50A7E51-5469-4567-BB91-4D3C5683E53C}
		{C564F942-E137-4B50-915C-F2AEBA890D58} = {5503F46D-8C0C-402F-8D13-082C78851673}
		{E3708332-8B98-458D-BF68-09970906B849} = {C564F942-E137-4B50-915C-F2AEBA890D58}
		{87B0BA98-6292-4176-A476-482ECDA14A03} = {5503F46D-8C0C-402F-8D13-082C78851673}
		{78E65D12-6F94-4A37-9EE6-72AEFBF464DF} = {87B0BA98-6292-4176-A476-482ECDA14A03}
		{561EBE84-FB73-43B2-B98E-76626CB0EF7D} = {5503F46D-8C0C-402F-8D13-082C78851673}
		{EB737E4F-4A5C-4286-B367-12C292AC3595} = {561EBE84-FB73-43B2-B98E-76626CB0EF7D}
		{A5934906-26F2-4754-93AD-3CB0D0414486} = {5503F46D-8C0C-402F-8D13-082C78851673}
		{C26BEB70-1327-4CD2-950B-1612C9E5B19D} = {A5934906-26F2-4754-93AD-3CB0D0414486}
	EndGlobalSection
	GlobalSection(ExtensibilityGlobals) = postSolution
		SolutionGuid = {F6365162-FD48-4580-9C9D-8195BB3ABFFC}
	EndGlobalSection
EndGlobal
